
Microsoft Visual Studio Solution File, Format Version 12.00
# Visual Studio 14
VisualStudioVersion = 14.0.25420.1
MinimumVisualStudioVersion = 10.0.40219.1
Project("{FAE04EC0-301F-11D3-BF4B-00C04F79EFBC}") = "Frontend", "Frontend\Frontend.csproj", "{00B084D2-D1B7-4F10-82F9-9A328621BD63}"
	ProjectSection(ProjectDependencies) = postProject
		{E39E84D4-0E8A-48D8-A4ED-1C86E04D7F33} = {E39E84D4-0E8A-48D8-A4ED-1C86E04D7F33}
	EndProjectSection
EndProject
Project("{FAE04EC0-301F-11D3-BF4B-00C04F79EFBC}") = "Entities", "Entities\Entities.csproj", "{0B242646-0CDE-49E8-AE30-90CC0A665DA4}"
EndProject
Project("{FAE04EC0-301F-11D3-BF4B-00C04F79EFBC}") = "Common", "Common\Common.csproj", "{24519FBB-F108-4839-959C-DBCCBF25A628}"
EndProject
Project("{FAE04EC0-301F-11D3-BF4B-00C04F79EFBC}") = "Dal", "Dal\Dal.csproj", "{9E3AAC21-9BA1-4A9B-A905-F68B9E59254C}"
EndProject
Project("{FAE04EC0-301F-11D3-BF4B-00C04F79EFBC}") = "SmartTextBox", "SmartTextBox\SmartTextBox.csproj", "{E39E84D4-0E8A-48D8-A4ED-1C86E04D7F33}"
EndProject
Project("{FAE04EC0-301F-11D3-BF4B-00C04F79EFBC}") = "SmartTextBoxTests", "SmartTextBoxTests\SmartTextBoxTests.csproj", "{33E95364-3371-40F2-B362-4111FC7F7538}"
EndProject
Project("{FAE04EC0-301F-11D3-BF4B-00C04F79EFBC}") = "FileHandler", "FileHandler\FileHandler.csproj", "{922FEC45-4383-40DD-93D6-BC6BEB9731D7}"
EndProject
Project("{FAE04EC0-301F-11D3-BF4B-00C04F79EFBC}") = "Services", "Services\Services.csproj", "{2BD7FA74-FE8E-42B4-8E0F-D9B1CFA631E2}"
EndProject
Project("{FAE04EC0-301F-11D3-BF4B-00C04F79EFBC}") = "Dal_Tests", "Dal_Tests\Dal_Tests.csproj", "{8340BBAB-D5E1-4B0B-A0FD-AC3E447E9C55}"
EndProject
Project("{FAE04EC0-301F-11D3-BF4B-00C04F79EFBC}") = "Selenium_Tests", "Selenium_Tests\Selenium_Tests.csproj", "{BB07D65B-D7DA-4C7C-BC2A-FD0B018F9211}"
EndProject
Global
	GlobalSection(SolutionConfigurationPlatforms) = preSolution
		Debug|Any CPU = Debug|Any CPU
		Release|Any CPU = Release|Any CPU
	EndGlobalSection
	GlobalSection(ProjectConfigurationPlatforms) = postSolution
		{00B084D2-D1B7-4F10-82F9-9A328621BD63}.Debug|Any CPU.ActiveCfg = Debug|Any CPU
		{00B084D2-D1B7-4F10-82F9-9A328621BD63}.Debug|Any CPU.Build.0 = Debug|Any CPU
		{00B084D2-D1B7-4F10-82F9-9A328621BD63}.Release|Any CPU.ActiveCfg = Release|Any CPU
		{00B084D2-D1B7-4F10-82F9-9A328621BD63}.Release|Any CPU.Build.0 = Release|Any CPU
		{0B242646-0CDE-49E8-AE30-90CC0A665DA4}.Debug|Any CPU.ActiveCfg = Debug|Any CPU
		{0B242646-0CDE-49E8-AE30-90CC0A665DA4}.Debug|Any CPU.Build.0 = Debug|Any CPU
		{0B242646-0CDE-49E8-AE30-90CC0A665DA4}.Release|Any CPU.ActiveCfg = Release|Any CPU
		{0B242646-0CDE-49E8-AE30-90CC0A665DA4}.Release|Any CPU.Build.0 = Release|Any CPU
		{24519FBB-F108-4839-959C-DBCCBF25A628}.Debug|Any CPU.ActiveCfg = Debug|Any CPU
		{24519FBB-F108-4839-959C-DBCCBF25A628}.Debug|Any CPU.Build.0 = Debug|Any CPU
		{24519FBB-F108-4839-959C-DBCCBF25A628}.Release|Any CPU.ActiveCfg = Release|Any CPU
		{24519FBB-F108-4839-959C-DBCCBF25A628}.Release|Any CPU.Build.0 = Release|Any CPU
		{9E3AAC21-9BA1-4A9B-A905-F68B9E59254C}.Debug|Any CPU.ActiveCfg = Debug|Any CPU
		{9E3AAC21-9BA1-4A9B-A905-F68B9E59254C}.Debug|Any CPU.Build.0 = Debug|Any CPU
		{9E3AAC21-9BA1-4A9B-A905-F68B9E59254C}.Release|Any CPU.ActiveCfg = Release|Any CPU
		{9E3AAC21-9BA1-4A9B-A905-F68B9E59254C}.Release|Any CPU.Build.0 = Release|Any CPU
		{E39E84D4-0E8A-48D8-A4ED-1C86E04D7F33}.Debug|Any CPU.ActiveCfg = Debug|Any CPU
		{E39E84D4-0E8A-48D8-A4ED-1C86E04D7F33}.Debug|Any CPU.Build.0 = Debug|Any CPU
		{E39E84D4-0E8A-48D8-A4ED-1C86E04D7F33}.Release|Any CPU.ActiveCfg = Release|Any CPU
		{E39E84D4-0E8A-48D8-A4ED-1C86E04D7F33}.Release|Any CPU.Build.0 = Release|Any CPU
		{33E95364-3371-40F2-B362-4111FC7F7538}.Debug|Any CPU.ActiveCfg = Debug|Any CPU
		{33E95364-3371-40F2-B362-4111FC7F7538}.Debug|Any CPU.Build.0 = Debug|Any CPU
		{33E95364-3371-40F2-B362-4111FC7F7538}.Release|Any CPU.ActiveCfg = Release|Any CPU
		{33E95364-3371-40F2-B362-4111FC7F7538}.Release|Any CPU.Build.0 = Release|Any CPU
		{922FEC45-4383-40DD-93D6-BC6BEB9731D7}.Debug|Any CPU.ActiveCfg = Debug|Any CPU
		{922FEC45-4383-40DD-93D6-BC6BEB9731D7}.Debug|Any CPU.Build.0 = Debug|Any CPU
		{922FEC45-4383-40DD-93D6-BC6BEB9731D7}.Release|Any CPU.ActiveCfg = Release|Any CPU
		{922FEC45-4383-40DD-93D6-BC6BEB9731D7}.Release|Any CPU.Build.0 = Release|Any CPU
		{2BD7FA74-FE8E-42B4-8E0F-D9B1CFA631E2}.Debug|Any CPU.ActiveCfg = Debug|Any CPU
		{2BD7FA74-FE8E-42B4-8E0F-D9B1CFA631E2}.Debug|Any CPU.Build.0 = Debug|Any CPU
		{2BD7FA74-FE8E-42B4-8E0F-D9B1CFA631E2}.Release|Any CPU.ActiveCfg = Release|Any CPU
		{2BD7FA74-FE8E-42B4-8E0F-D9B1CFA631E2}.Release|Any CPU.Build.0 = Release|Any CPU
		{8340BBAB-D5E1-4B0B-A0FD-AC3E447E9C55}.Debug|Any CPU.ActiveCfg = Debug|Any CPU
		{8340BBAB-D5E1-4B0B-A0FD-AC3E447E9C55}.Debug|Any CPU.Build.0 = Debug|Any CPU
		{8340BBAB-D5E1-4B0B-A0FD-AC3E447E9C55}.Release|Any CPU.ActiveCfg = Release|Any CPU
		{8340BBAB-D5E1-4B0B-A0FD-AC3E447E9C55}.Release|Any CPU.Build.0 = Release|Any CPU
		{BB07D65B-D7DA-4C7C-BC2A-FD0B018F9211}.Debug|Any CPU.ActiveCfg = Debug|Any CPU
		{BB07D65B-D7DA-4C7C-BC2A-FD0B018F9211}.Debug|Any CPU.Build.0 = Debug|Any CPU
		{BB07D65B-D7DA-4C7C-BC2A-FD0B018F9211}.Release|Any CPU.ActiveCfg = Release|Any CPU
		{BB07D65B-D7DA-4C7C-BC2A-FD0B018F9211}.Release|Any CPU.Build.0 = Release|Any CPU
	EndGlobalSection
	GlobalSection(SolutionProperties) = preSolution
		HideSolutionNode = FALSE
	EndGlobalSection
EndGlobal
